
Microsoft Visual Studio Solution File, Format Version 12.00
# Visual Studio Version 16
VisualStudioVersion = 16.0.30011.22
MinimumVisualStudioVersion = 10.0.40219.1
Project("{FAE04EC0-301F-11D3-BF4B-00C04F79EFBC}") = "duploAirlines", "duploAirlines\duploAirlines.csproj", "{D0E2B539-D295-41AA-A624-3B97BEF773CE}"
EndProject
Global
	GlobalSection(SolutionConfigurationPlatforms) = preSolution
		Debug|Any CPU = Debug|Any CPU
		Release|Any CPU = Release|Any CPU
	EndGlobalSection
	GlobalSection(ProjectConfigurationPlatforms) = postSolution
		{D0E2B539-D295-41AA-A624-3B97BEF773CE}.Debug|Any CPU.ActiveCfg = Debug|Any CPU
		{D0E2B539-D295-41AA-A624-3B97BEF773CE}.Debug|Any CPU.Build.0 = Debug|Any CPU
		{D0E2B539-D295-41AA-A624-3B97BEF773CE}.Release|Any CPU.ActiveCfg = Release|Any CPU
		{D0E2B539-D295-41AA-A624-3B97BEF773CE}.Release|Any CPU.Build.0 = Release|Any CPU
	EndGlobalSection
	GlobalSection(SolutionProperties) = preSolution
		HideSolutionNode = FALSE
	EndGlobalSection
	GlobalSection(ExtensibilityGlobals) = postSolution
		SolutionGuid = {0ADB653A-C4D6-454F-8AEF-C3005D628F4D}
	EndGlobalSection
EndGlobal
